
Microsoft Visual Studio Solution File, Format Version 12.00
# Visual Studio Version 17
VisualStudioVersion = 17.3.32825.248
MinimumVisualStudioVersion = 10.0.40219.1
Project("{9A19103F-16F7-4668-BE54-9A1E7A4F7556}") = "ToDo", "ToDo\ToDo.csproj", "{DE35D901-B5FB-49FD-9065-E5C6F0F7A2D2}"
EndProject
Project("{9A19103F-16F7-4668-BE54-9A1E7A4F7556}") = "DBRepository", "DBRepository\DBRepository.csproj", "{B7843B6B-02CB-49C1-BD80-96D9F28285FB}"
EndProject
Project("{2150E333-8FDC-42A3-9474-1A3956D46DE8}") = "4. Data Layer", "4. Data Layer", "{EE8E765D-D49D-46F1-ABEB-1C5BFFD95893}"
EndProject
Project("{2150E333-8FDC-42A3-9474-1A3956D46DE8}") = "3. Business Layer", "3. Business Layer", "{9661D23F-011E-4794-94AE-4D84D86BA10D}"
EndProject
Project("{2150E333-8FDC-42A3-9474-1A3956D46DE8}") = "2. Service Layer", "2. Service Layer", "{BB6DAC6A-3696-411C-BD7B-74DFF44B778B}"
EndProject
Project("{2150E333-8FDC-42A3-9474-1A3956D46DE8}") = "1. Presentation Layer", "1. Presentation Layer", "{5EE7FC6E-6D66-4E28-A305-FC17C970D52E}"
EndProject
Project("{2150E333-8FDC-42A3-9474-1A3956D46DE8}") = "5. Model", "5. Model", "{DA4954C4-4CE8-45DA-9DBD-09C84EFE3509}"
EndProject
Project("{9A19103F-16F7-4668-BE54-9A1E7A4F7556}") = "Models", "Models\Models.csproj", "{B8BAD500-799D-4FAA-95A3-D720528A8AB9}"
EndProject
Project("{9A19103F-16F7-4668-BE54-9A1E7A4F7556}") = "ToDoRepositories", "ToDoRepositories\ToDoRepositories.csproj", "{8C5FD1CD-C4DB-4C4A-9AD2-6FA6E11FB387}"
EndProject
Project("{FAE04EC0-301F-11D3-BF4B-00C04F79EFBC}") = "ToDoBL", "ToDoBL\ToDoBL.csproj", "{E70E45E6-669D-4E8A-85C8-17F5E1B52E78}"
EndProject
Global
	GlobalSection(SolutionConfigurationPlatforms) = preSolution
		Debug|Any CPU = Debug|Any CPU
		Release|Any CPU = Release|Any CPU
	EndGlobalSection
	GlobalSection(ProjectConfigurationPlatforms) = postSolution
		{DE35D901-B5FB-49FD-9065-E5C6F0F7A2D2}.Debug|Any CPU.ActiveCfg = Debug|Any CPU
		{DE35D901-B5FB-49FD-9065-E5C6F0F7A2D2}.Debug|Any CPU.Build.0 = Debug|Any CPU
		{DE35D901-B5FB-49FD-9065-E5C6F0F7A2D2}.Release|Any CPU.ActiveCfg = Release|Any CPU
		{DE35D901-B5FB-49FD-9065-E5C6F0F7A2D2}.Release|Any CPU.Build.0 = Release|Any CPU
		{B7843B6B-02CB-49C1-BD80-96D9F28285FB}.Debug|Any CPU.ActiveCfg = Debug|Any CPU
		{B7843B6B-02CB-49C1-BD80-96D9F28285FB}.Debug|Any CPU.Build.0 = Debug|Any CPU
		{B7843B6B-02CB-49C1-BD80-96D9F28285FB}.Release|Any CPU.ActiveCfg = Release|Any CPU
		{B7843B6B-02CB-49C1-BD80-96D9F28285FB}.Release|Any CPU.Build.0 = Release|Any CPU
		{B8BAD500-799D-4FAA-95A3-D720528A8AB9}.Debug|Any CPU.ActiveCfg = Debug|Any CPU
		{B8BAD500-799D-4FAA-95A3-D720528A8AB9}.Debug|Any CPU.Build.0 = Debug|Any CPU
		{B8BAD500-799D-4FAA-95A3-D720528A8AB9}.Release|Any CPU.ActiveCfg = Release|Any CPU
		{B8BAD500-799D-4FAA-95A3-D720528A8AB9}.Release|Any CPU.Build.0 = Release|Any CPU
		{8C5FD1CD-C4DB-4C4A-9AD2-6FA6E11FB387}.Debug|Any CPU.ActiveCfg = Debug|Any CPU
		{8C5FD1CD-C4DB-4C4A-9AD2-6FA6E11FB387}.Debug|Any CPU.Build.0 = Debug|Any CPU
		{8C5FD1CD-C4DB-4C4A-9AD2-6FA6E11FB387}.Release|Any CPU.ActiveCfg = Release|Any CPU
		{8C5FD1CD-C4DB-4C4A-9AD2-6FA6E11FB387}.Release|Any CPU.Build.0 = Release|Any CPU
		{E70E45E6-669D-4E8A-85C8-17F5E1B52E78}.Debug|Any CPU.ActiveCfg = Debug|Any CPU
		{E70E45E6-669D-4E8A-85C8-17F5E1B52E78}.Debug|Any CPU.Build.0 = Debug|Any CPU
		{E70E45E6-669D-4E8A-85C8-17F5E1B52E78}.Release|Any CPU.ActiveCfg = Release|Any CPU
		{E70E45E6-669D-4E8A-85C8-17F5E1B52E78}.Release|Any CPU.Build.0 = Release|Any CPU
	EndGlobalSection
	GlobalSection(SolutionProperties) = preSolution
		HideSolutionNode = FALSE
	EndGlobalSection
	GlobalSection(NestedProjects) = preSolution
		{DE35D901-B5FB-49FD-9065-E5C6F0F7A2D2} = {5EE7FC6E-6D66-4E28-A305-FC17C970D52E}
		{B7843B6B-02CB-49C1-BD80-96D9F28285FB} = {EE8E765D-D49D-46F1-ABEB-1C5BFFD95893}
		{B8BAD500-799D-4FAA-95A3-D720528A8AB9} = {DA4954C4-4CE8-45DA-9DBD-09C84EFE3509}
		{8C5FD1CD-C4DB-4C4A-9AD2-6FA6E11FB387} = {EE8E765D-D49D-46F1-ABEB-1C5BFFD95893}
		{E70E45E6-669D-4E8A-85C8-17F5E1B52E78} = {9661D23F-011E-4794-94AE-4D84D86BA10D}
	EndGlobalSection
	GlobalSection(ExtensibilityGlobals) = postSolution
		SolutionGuid = {66932494-BF64-4DBA-9287-69616736039C}
	EndGlobalSection
EndGlobal
